
Microsoft Visual Studio Solution File, Format Version 12.00
# Visual Studio Version 17
VisualStudioVersion = 17.11.35222.181
MinimumVisualStudioVersion = 10.0.40219.1
Project("{2150E333-8FDC-42A3-9474-1A3956D46DE8}") = "Task0", "Task0", "{4BB9C626-E898-44CF-A548-D1EC965D52F9}"
EndProject
Project("{9A19103F-16F7-4668-BE54-9A1E7A4F7556}") = "Tyuiu.SaigafarovBI.Sprint6.Task0.V29.Lib", "Tyuiu.SaigafarovBI.Sprint6.Task0.V29.Lib\Tyuiu.SaigafarovBI.Sprint6.Task0.V29.Lib.csproj", "{6CF36B2A-AE36-45FD-83AF-939650BBDE95}"
EndProject
Project("{9A19103F-16F7-4668-BE54-9A1E7A4F7556}") = "Tyuiu.SaigafarovBI.Sprint6.Task0.V29.Test", "Tyuiu.SaigafarovBI.Sprint6.Task0.V29.Test\Tyuiu.SaigafarovBI.Sprint6.Task0.V29.Test.csproj", "{26BFAC0E-0900-49C2-A790-2E9115B6152F}"
EndProject
Project("{9A19103F-16F7-4668-BE54-9A1E7A4F7556}") = "Tyuiu.SaigafarovBI.Sprint6.Task0.V29", "Tyuiu.SaigafarovBI.Sprint6.Task0.V29\Tyuiu.SaigafarovBI.Sprint6.Task0.V29.csproj", "{FC467D3F-1026-418F-BFAF-9B28079C1E1F}"
EndProject
Project("{2150E333-8FDC-42A3-9474-1A3956D46DE8}") = "Task1", "Task1", "{D36E5E7A-F5DE-443D-95F5-6A048017BA94}"
EndProject
Project("{9A19103F-16F7-4668-BE54-9A1E7A4F7556}") = "Tyuiu.SaigafarovBI.Sprint6.Task1.V20.Lib", "Tyuiu.SaigafarovBI.Sprint6.Task1.V20.Lib\Tyuiu.SaigafarovBI.Sprint6.Task1.V20.Lib.csproj", "{3FCC350F-48F4-414E-8E42-C1872E283D24}"
EndProject
Project("{9A19103F-16F7-4668-BE54-9A1E7A4F7556}") = "Tyuiu.SaigafarovBI.Sprint6.Task1.V20.Test", "Tyuiu.SaigafarovBI.Sprint6.Task1.V20.Test\Tyuiu.SaigafarovBI.Sprint6.Task1.V20.Test.csproj", "{A6A9F299-3CFA-4AE5-A400-967B64CF5CD1}"
EndProject
Project("{9A19103F-16F7-4668-BE54-9A1E7A4F7556}") = "Tyuiu.SaigafarovBI.Sprint6.Task1.V20", "Tyuiu.SaigafarovBI.Sprint6.Task1.V20\Tyuiu.SaigafarovBI.Sprint6.Task1.V20.csproj", "{21FD49CE-9625-4788-BDED-0630BB745F2E}"
EndProject
Project("{2150E333-8FDC-42A3-9474-1A3956D46DE8}") = "Task3", "Task3", "{1C591E44-7627-4853-995C-F2A46C59AA71}"
EndProject
Project("{2150E333-8FDC-42A3-9474-1A3956D46DE8}") = "Task2", "Task2", "{6E2A6462-6A86-49E8-A2A0-6E2610909FE5}"
EndProject
Project("{9A19103F-16F7-4668-BE54-9A1E7A4F7556}") = "Tyuiu.SaigafarovBI.Sprint6.Task2.V26.Lib", "Tyuiu.SaigafarovBI.Sprint6.Task2.V26.Lib\Tyuiu.SaigafarovBI.Sprint6.Task2.V26.Lib.csproj", "{B07C0BFA-14E3-4154-9FBF-B7F6C3DE99F4}"
EndProject
Project("{9A19103F-16F7-4668-BE54-9A1E7A4F7556}") = "Tyuiu.SaigafarovBI.Sprint6.Task2.V26.Test", "Tyuiu.SaigafarovBI.Sprint6.Task2.V26.Test\Tyuiu.SaigafarovBI.Sprint6.Task2.V26.Test.csproj", "{519F9D49-6464-46ED-8C67-9B6520F711A6}"
EndProject
Project("{9A19103F-16F7-4668-BE54-9A1E7A4F7556}") = "Tyuiu.SaigafarovBI.Sprint6.Task2.V26", "Tyuiu.SaigafarovBI.Sprint6.Task2.V26\Tyuiu.SaigafarovBI.Sprint6.Task2.V26.csproj", "{B52031DC-BAB3-4D4F-B7FF-042CEE185F88}"
EndProject
Project("{9A19103F-16F7-4668-BE54-9A1E7A4F7556}") = "Tyuiu.SaigafarovBI.Sprint6.Task3.V12", "Tyuiu.SaigafarovBI.Sprint6.Task3.V12\Tyuiu.SaigafarovBI.Sprint6.Task3.V12.csproj", "{D0BF0337-B2D7-4EA4-AD41-0756845082A7}"
EndProject
Project("{9A19103F-16F7-4668-BE54-9A1E7A4F7556}") = "Tyuiu.SaigafarovBI.Sprint6.Task3.V12.Lib", "Tyuiu.SaigafarovBI.Sprint6.Task3.V12.Lib\Tyuiu.SaigafarovBI.Sprint6.Task3.V12.Lib.csproj", "{26189E1C-9386-439C-BE8F-BCA7D70FFCBB}"
EndProject
Project("{9A19103F-16F7-4668-BE54-9A1E7A4F7556}") = "Tyuiu.SaigafarovBI.Sprint6.Task3.V12.Test", "Tyuiu.SaigafarovBI.Sprint6.Task3.V12.Test\Tyuiu.SaigafarovBI.Sprint6.Task3.V12.Test.csproj", "{BB779249-1869-4B67-9DFD-638E77F19408}"
EndProject
Project("{2150E333-8FDC-42A3-9474-1A3956D46DE8}") = "Task4", "Task4", "{D9673558-CD4F-47E1-9025-6D273A6DD670}"
EndProject
Project("{9A19103F-16F7-4668-BE54-9A1E7A4F7556}") = "Tyuiu.SaigafarovBI.Sprint6.Task4.V9", "Tyuiu.SaigafarovBI.Sprint6.Task4.V9\Tyuiu.SaigafarovBI.Sprint6.Task4.V9.csproj", "{BA43CBB4-48CF-49A4-9D77-4744B0706EC5}"
EndProject
Project("{FAE04EC0-301F-11D3-BF4B-00C04F79EFBC}") = "Tyuiu.SaigafarovBI.Sprint6.Task4.V9.Lib", "Tyuiu.SaigafarovBI.Sprint6.Task4.V9.Lib\Tyuiu.SaigafarovBI.Sprint6.Task4.V9.Lib.csproj", "{BC7512D1-049C-4AE4-A323-F1FAA1CD8082}"
EndProject
Project("{FAE04EC0-301F-11D3-BF4B-00C04F79EFBC}") = "Tyuiu.SaigafarovBI.Sprint6.Task4.V9.Test", "Tyuiu.SaigafarovBI.Sprint6.Task4.V9.Test\Tyuiu.SaigafarovBI.Sprint6.Task4.V9.Test.csproj", "{2FF0813E-6A69-482E-AF85-B8A8337F41F0}"
EndProject
Global
	GlobalSection(SolutionConfigurationPlatforms) = preSolution
		Debug|Any CPU = Debug|Any CPU
		Release|Any CPU = Release|Any CPU
	EndGlobalSection
	GlobalSection(ProjectConfigurationPlatforms) = postSolution
		{6CF36B2A-AE36-45FD-83AF-939650BBDE95}.Debug|Any CPU.ActiveCfg = Debug|Any CPU
		{6CF36B2A-AE36-45FD-83AF-939650BBDE95}.Debug|Any CPU.Build.0 = Debug|Any CPU
		{6CF36B2A-AE36-45FD-83AF-939650BBDE95}.Release|Any CPU.ActiveCfg = Release|Any CPU
		{6CF36B2A-AE36-45FD-83AF-939650BBDE95}.Release|Any CPU.Build.0 = Release|Any CPU
		{26BFAC0E-0900-49C2-A790-2E9115B6152F}.Debug|Any CPU.ActiveCfg = Debug|Any CPU
		{26BFAC0E-0900-49C2-A790-2E9115B6152F}.Debug|Any CPU.Build.0 = Debug|Any CPU
		{26BFAC0E-0900-49C2-A790-2E9115B6152F}.Release|Any CPU.ActiveCfg = Release|Any CPU
		{26BFAC0E-0900-49C2-A790-2E9115B6152F}.Release|Any CPU.Build.0 = Release|Any CPU
		{FC467D3F-1026-418F-BFAF-9B28079C1E1F}.Debug|Any CPU.ActiveCfg = Debug|Any CPU
		{FC467D3F-1026-418F-BFAF-9B28079C1E1F}.Debug|Any CPU.Build.0 = Debug|Any CPU
		{FC467D3F-1026-418F-BFAF-9B28079C1E1F}.Release|Any CPU.ActiveCfg = Release|Any CPU
		{FC467D3F-1026-418F-BFAF-9B28079C1E1F}.Release|Any CPU.Build.0 = Release|Any CPU
		{3FCC350F-48F4-414E-8E42-C1872E283D24}.Debug|Any CPU.ActiveCfg = Debug|Any CPU
		{3FCC350F-48F4-414E-8E42-C1872E283D24}.Debug|Any CPU.Build.0 = Debug|Any CPU
		{3FCC350F-48F4-414E-8E42-C1872E283D24}.Release|Any CPU.ActiveCfg = Release|Any CPU
		{3FCC350F-48F4-414E-8E42-C1872E283D24}.Release|Any CPU.Build.0 = Release|Any CPU
		{A6A9F299-3CFA-4AE5-A400-967B64CF5CD1}.Debug|Any CPU.ActiveCfg = Debug|Any CPU
		{A6A9F299-3CFA-4AE5-A400-967B64CF5CD1}.Debug|Any CPU.Build.0 = Debug|Any CPU
		{A6A9F299-3CFA-4AE5-A400-967B64CF5CD1}.Release|Any CPU.ActiveCfg = Release|Any CPU
		{A6A9F299-3CFA-4AE5-A400-967B64CF5CD1}.Release|Any CPU.Build.0 = Release|Any CPU
		{21FD49CE-9625-4788-BDED-0630BB745F2E}.Debug|Any CPU.ActiveCfg = Debug|Any CPU
		{21FD49CE-9625-4788-BDED-0630BB745F2E}.Debug|Any CPU.Build.0 = Debug|Any CPU
		{21FD49CE-9625-4788-BDED-0630BB745F2E}.Release|Any CPU.ActiveCfg = Release|Any CPU
		{21FD49CE-9625-4788-BDED-0630BB745F2E}.Release|Any CPU.Build.0 = Release|Any CPU
		{B07C0BFA-14E3-4154-9FBF-B7F6C3DE99F4}.Debug|Any CPU.ActiveCfg = Debug|Any CPU
		{B07C0BFA-14E3-4154-9FBF-B7F6C3DE99F4}.Debug|Any CPU.Build.0 = Debug|Any CPU
		{B07C0BFA-14E3-4154-9FBF-B7F6C3DE99F4}.Release|Any CPU.ActiveCfg = Release|Any CPU
		{B07C0BFA-14E3-4154-9FBF-B7F6C3DE99F4}.Release|Any CPU.Build.0 = Release|Any CPU
		{519F9D49-6464-46ED-8C67-9B6520F711A6}.Debug|Any CPU.ActiveCfg = Debug|Any CPU
		{519F9D49-6464-46ED-8C67-9B6520F711A6}.Debug|Any CPU.Build.0 = Debug|Any CPU
		{519F9D49-6464-46ED-8C67-9B6520F711A6}.Release|Any CPU.ActiveCfg = Release|Any CPU
		{519F9D49-6464-46ED-8C67-9B6520F711A6}.Release|Any CPU.Build.0 = Release|Any CPU
		{B52031DC-BAB3-4D4F-B7FF-042CEE185F88}.Debug|Any CPU.ActiveCfg = Debug|Any CPU
		{B52031DC-BAB3-4D4F-B7FF-042CEE185F88}.Debug|Any CPU.Build.0 = Debug|Any CPU
		{B52031DC-BAB3-4D4F-B7FF-042CEE185F88}.Release|Any CPU.ActiveCfg = Release|Any CPU
		{B52031DC-BAB3-4D4F-B7FF-042CEE185F88}.Release|Any CPU.Build.0 = Release|Any CPU
		{D0BF0337-B2D7-4EA4-AD41-0756845082A7}.Debug|Any CPU.ActiveCfg = Debug|Any CPU
		{D0BF0337-B2D7-4EA4-AD41-0756845082A7}.Debug|Any CPU.Build.0 = Debug|Any CPU
		{D0BF0337-B2D7-4EA4-AD41-0756845082A7}.Release|Any CPU.ActiveCfg = Release|Any CPU
		{D0BF0337-B2D7-4EA4-AD41-0756845082A7}.Release|Any CPU.Build.0 = Release|Any CPU
		{26189E1C-9386-439C-BE8F-BCA7D70FFCBB}.Debug|Any CPU.ActiveCfg = Debug|Any CPU
		{26189E1C-9386-439C-BE8F-BCA7D70FFCBB}.Debug|Any CPU.Build.0 = Debug|Any CPU
		{26189E1C-9386-439C-BE8F-BCA7D70FFCBB}.Release|Any CPU.ActiveCfg = Release|Any CPU
		{26189E1C-9386-439C-BE8F-BCA7D70FFCBB}.Release|Any CPU.Build.0 = Release|Any CPU
		{BB779249-1869-4B67-9DFD-638E77F19408}.Debug|Any CPU.ActiveCfg = Debug|Any CPU
		{BB779249-1869-4B67-9DFD-638E77F19408}.Debug|Any CPU.Build.0 = Debug|Any CPU
		{BB779249-1869-4B67-9DFD-638E77F19408}.Release|Any CPU.ActiveCfg = Release|Any CPU
		{BB779249-1869-4B67-9DFD-638E77F19408}.Release|Any CPU.Build.0 = Release|Any CPU
		{BA43CBB4-48CF-49A4-9D77-4744B0706EC5}.Debug|Any CPU.ActiveCfg = Debug|Any CPU
		{BA43CBB4-48CF-49A4-9D77-4744B0706EC5}.Debug|Any CPU.Build.0 = Debug|Any CPU
		{BA43CBB4-48CF-49A4-9D77-4744B0706EC5}.Release|Any CPU.ActiveCfg = Release|Any CPU
		{BA43CBB4-48CF-49A4-9D77-4744B0706EC5}.Release|Any CPU.Build.0 = Release|Any CPU
		{BC7512D1-049C-4AE4-A323-F1FAA1CD8082}.Debug|Any CPU.ActiveCfg = Debug|Any CPU
		{BC7512D1-049C-4AE4-A323-F1FAA1CD8082}.Debug|Any CPU.Build.0 = Debug|Any CPU
		{BC7512D1-049C-4AE4-A323-F1FAA1CD8082}.Release|Any CPU.ActiveCfg = Release|Any CPU
		{BC7512D1-049C-4AE4-A323-F1FAA1CD8082}.Release|Any CPU.Build.0 = Release|Any CPU
		{2FF0813E-6A69-482E-AF85-B8A8337F41F0}.Debug|Any CPU.ActiveCfg = Debug|Any CPU
		{2FF0813E-6A69-482E-AF85-B8A8337F41F0}.Debug|Any CPU.Build.0 = Debug|Any CPU
		{2FF0813E-6A69-482E-AF85-B8A8337F41F0}.Release|Any CPU.ActiveCfg = Release|Any CPU
		{2FF0813E-6A69-482E-AF85-B8A8337F41F0}.Release|Any CPU.Build.0 = Release|Any CPU
	EndGlobalSection
	GlobalSection(SolutionProperties) = preSolution
		HideSolutionNode = FALSE
	EndGlobalSection
	GlobalSection(NestedProjects) = preSolution
		{6CF36B2A-AE36-45FD-83AF-939650BBDE95} = {4BB9C626-E898-44CF-A548-D1EC965D52F9}
		{26BFAC0E-0900-49C2-A790-2E9115B6152F} = {4BB9C626-E898-44CF-A548-D1EC965D52F9}
		{FC467D3F-1026-418F-BFAF-9B28079C1E1F} = {4BB9C626-E898-44CF-A548-D1EC965D52F9}
		{3FCC350F-48F4-414E-8E42-C1872E283D24} = {D36E5E7A-F5DE-443D-95F5-6A048017BA94}
		{A6A9F299-3CFA-4AE5-A400-967B64CF5CD1} = {D36E5E7A-F5DE-443D-95F5-6A048017BA94}
		{21FD49CE-9625-4788-BDED-0630BB745F2E} = {D36E5E7A-F5DE-443D-95F5-6A048017BA94}
		{B07C0BFA-14E3-4154-9FBF-B7F6C3DE99F4} = {6E2A6462-6A86-49E8-A2A0-6E2610909FE5}
		{519F9D49-6464-46ED-8C67-9B6520F711A6} = {6E2A6462-6A86-49E8-A2A0-6E2610909FE5}
		{B52031DC-BAB3-4D4F-B7FF-042CEE185F88} = {6E2A6462-6A86-49E8-A2A0-6E2610909FE5}
		{D0BF0337-B2D7-4EA4-AD41-0756845082A7} = {1C591E44-7627-4853-995C-F2A46C59AA71}
		{26189E1C-9386-439C-BE8F-BCA7D70FFCBB} = {1C591E44-7627-4853-995C-F2A46C59AA71}
		{BB779249-1869-4B67-9DFD-638E77F19408} = {1C591E44-7627-4853-995C-F2A46C59AA71}
		{BA43CBB4-48CF-49A4-9D77-4744B0706EC5} = {D9673558-CD4F-47E1-9025-6D273A6DD670}
		{BC7512D1-049C-4AE4-A323-F1FAA1CD8082} = {D9673558-CD4F-47E1-9025-6D273A6DD670}
		{2FF0813E-6A69-482E-AF85-B8A8337F41F0} = {D9673558-CD4F-47E1-9025-6D273A6DD670}
	EndGlobalSection
	GlobalSection(ExtensibilityGlobals) = postSolution
		SolutionGuid = {5FCED714-7CC5-4C48-94CB-CB1E9479093C}
	EndGlobalSection
EndGlobal
